// !$*UTF8*$!
{
	archiveVersion = 1;
	classes = {
	};
	objectVersion = 56;
	objects = {

/* Begin PBXBuildFile section */
		1F4589EC2B1A18F300C93873 /* main.swift in Sources */ = {isa = PBXBuildFile; fileRef = 1F4589EB2B1A18F300C93873 /* main.swift */; };
		1F4589F32B1A194B00C93873 /* day01.swift in Sources */ = {isa = PBXBuildFile; fileRef = 1F4589F22B1A194B00C93873 /* day01.swift */; };
		1F4589F62B1A197300C93873 /* utils.swift in Sources */ = {isa = PBXBuildFile; fileRef = 1F4589F52B1A197300C93873 /* utils.swift */; };
		1F4589FB2B1A1A4900C93873 /* day02.swift in Sources */ = {isa = PBXBuildFile; fileRef = 1F4589FA2B1A1A4900C93873 /* day02.swift */; };
		1F5997D12B1B88150000A17A /* day03.swift in Sources */ = {isa = PBXBuildFile; fileRef = 1F5997D02B1B88150000A17A /* day03.swift */; };
		1F5997D32B1B88230000A17A /* day04.swift in Sources */ = {isa = PBXBuildFile; fileRef = 1F5997D22B1B88230000A17A /* day04.swift */; };
/* End PBXBuildFile section */

/* Begin PBXCopyFilesBuildPhase section */
		1F4589E62B1A18F300C93873 /* CopyFiles */ = {
			isa = PBXCopyFilesBuildPhase;
			buildActionMask = 2147483647;
			dstPath = /usr/share/man/man1/;
			dstSubfolderSpec = 0;
			files = (
			);
			runOnlyForDeploymentPostprocessing = 1;
		};
/* End PBXCopyFilesBuildPhase section */

/* Begin PBXFileReference section */
		1F4589E82B1A18F300C93873 /* AoC2023 */ = {isa = PBXFileReference; explicitFileType = "compiled.mach-o.executable"; includeInIndex = 0; path = AoC2023; sourceTree = BUILT_PRODUCTS_DIR; };
		1F4589EB2B1A18F300C93873 /* main.swift */ = {isa = PBXFileReference; lastKnownFileType = sourcecode.swift; path = main.swift; sourceTree = "<group>"; };
		1F4589F22B1A194B00C93873 /* day01.swift */ = {isa = PBXFileReference; lastKnownFileType = sourcecode.swift; path = day01.swift; sourceTree = "<group>"; };
		1F4589F52B1A197300C93873 /* utils.swift */ = {isa = PBXFileReference; lastKnownFileType = sourcecode.swift; path = utils.swift; sourceTree = "<group>"; };
		1F4589F82B1A19A200C93873 /* day01.test */ = {isa = PBXFileReference; lastKnownFileType = text; path = day01.test; sourceTree = "<group>"; };
		1F4589F92B1A19B600C93873 /* day01.input */ = {isa = PBXFileReference; lastKnownFileType = text; path = day01.input; sourceTree = "<group>"; };
		1F4589FA2B1A1A4900C93873 /* day02.swift */ = {isa = PBXFileReference; lastKnownFileType = sourcecode.swift; path = day02.swift; sourceTree = "<group>"; };
		1F5997D02B1B88150000A17A /* day03.swift */ = {isa = PBXFileReference; lastKnownFileType = sourcecode.swift; path = day03.swift; sourceTree = "<group>"; };
		1F5997D22B1B88230000A17A /* day04.swift */ = {isa = PBXFileReference; lastKnownFileType = sourcecode.swift; path = day04.swift; sourceTree = "<group>"; };
		1F5997D42B1B88860000A17A /* day03.test */ = {isa = PBXFileReference; lastKnownFileType = text; path = day03.test; sourceTree = "<group>"; };
		1F5997D52B1B88910000A17A /* day02.test */ = {isa = PBXFileReference; lastKnownFileType = text; path = day02.test; sourceTree = "<group>"; };
		1F5997D62B1B88990000A17A /* day04.test */ = {isa = PBXFileReference; lastKnownFileType = text; path = day04.test; sourceTree = "<group>"; };
		1F5997D72B1B88A00000A17A /* day02.input */ = {isa = PBXFileReference; lastKnownFileType = text; path = day02.input; sourceTree = "<group>"; };
		1F5997D82B1B88A60000A17A /* day03.input */ = {isa = PBXFileReference; lastKnownFileType = text; path = day03.input; sourceTree = "<group>"; };
		1F5997D92B1B88AD0000A17A /* day04.input */ = {isa = PBXFileReference; lastKnownFileType = text; path = day04.input; sourceTree = "<group>"; };
/* End PBXFileReference section */

/* Begin PBXFrameworksBuildPhase section */
		1F4589E52B1A18F300C93873 /* Frameworks */ = {
			isa = PBXFrameworksBuildPhase;
			buildActionMask = 2147483647;
			files = (
			);
			runOnlyForDeploymentPostprocessing = 0;
		};
/* End PBXFrameworksBuildPhase section */

/* Begin PBXGroup section */
		1F4589DF2B1A18F300C93873 = {
			isa = PBXGroup;
			children = (
				1F4589EA2B1A18F300C93873 /* AoC2023 */,
				1F4589E92B1A18F300C93873 /* Products */,
			);
			sourceTree = "<group>";
		};
		1F4589E92B1A18F300C93873 /* Products */ = {
			isa = PBXGroup;
			children = (
				1F4589E82B1A18F300C93873 /* AoC2023 */,
			);
			name = Products;
			sourceTree = "<group>";
		};
		1F4589EA2B1A18F300C93873 /* AoC2023 */ = {
			isa = PBXGroup;
			children = (
				1F4589EB2B1A18F300C93873 /* main.swift */,
				1F4589F22B1A194B00C93873 /* day01.swift */,
				1F4589FA2B1A1A4900C93873 /* day02.swift */,
				1F5997D02B1B88150000A17A /* day03.swift */,
				1F5997D22B1B88230000A17A /* day04.swift */,
				1F4589F42B1A196000C93873 /* Resources */,
			);
			path = AoC2023;
			sourceTree = "<group>";
		};
		1F4589F42B1A196000C93873 /* Resources */ = {
			isa = PBXGroup;
			children = (
				1F4589F52B1A197300C93873 /* utils.swift */,
				1F4589F82B1A19A200C93873 /* day01.test */,
				1F4589F92B1A19B600C93873 /* day01.input */,
				1F5997D52B1B88910000A17A /* day02.test */,
				1F5997D72B1B88A00000A17A /* day02.input */,
				1F5997D42B1B88860000A17A /* day03.test */,
				1F5997D82B1B88A60000A17A /* day03.input */,
				1F5997D62B1B88990000A17A /* day04.test */,
				1F5997D92B1B88AD0000A17A /* day04.input */,
			);
			path = Resources;
			sourceTree = "<group>";
		};
/* End PBXGroup section */

/* Begin PBXNativeTarget section */
		1F4589E72B1A18F300C93873 /* AoC2023 */ = {
			isa = PBXNativeTarget;
			buildConfigurationList = 1F4589EF2B1A18F300C93873 /* Build configuration list for PBXNativeTarget "AoC2023" */;
			buildPhases = (
				1F4589E42B1A18F300C93873 /* Sources */,
				1F4589E52B1A18F300C93873 /* Frameworks */,
				1F4589E62B1A18F300C93873 /* CopyFiles */,
			);
			buildRules = (
			);
			dependencies = (
			);
			name = AoC2023;
			productName = AoC2023;
			productReference = 1F4589E82B1A18F300C93873 /* AoC2023 */;
			productType = "com.apple.product-type.tool";
		};
/* End PBXNativeTarget section */

/* Begin PBXProject section */
		1F4589E02B1A18F300C93873 /* Project object */ = {
			isa = PBXProject;
			attributes = {
				BuildIndependentTargetsInParallel = 1;
				LastSwiftUpdateCheck = 1500;
				LastUpgradeCheck = 1500;
				TargetAttributes = {
					1F4589E72B1A18F300C93873 = {
						CreatedOnToolsVersion = 15.0.1;
					};
				};
			};
			buildConfigurationList = 1F4589E32B1A18F300C93873 /* Build configuration list for PBXProject "AoC2023" */;
			compatibilityVersion = "Xcode 14.0";
			developmentRegion = en;
			hasScannedForEncodings = 0;
			knownRegions = (
				en,
				Base,
			);
			mainGroup = 1F4589DF2B1A18F300C93873;
			productRefGroup = 1F4589E92B1A18F300C93873 /* Products */;
			projectDirPath = "";
			projectRoot = "";
			targets = (
				1F4589E72B1A18F300C93873 /* AoC2023 */,
			);
		};
/* End PBXProject section */

/* Begin PBXSourcesBuildPhase section */
		1F4589E42B1A18F300C93873 /* Sources */ = {
			isa = PBXSourcesBuildPhase;
			buildActionMask = 2147483647;
			files = (
				1F4589F62B1A197300C93873 /* utils.swift in Sources */,
				1F5997D12B1B88150000A17A /* day03.swift in Sources */,
				1F4589EC2B1A18F300C93873 /* main.swift in Sources */,
				1F4589FB2B1A1A4900C93873 /* day02.swift in Sources */,
				1F4589F32B1A194B00C93873 /* day01.swift in Sources */,
				1F5997D32B1B88230000A17A /* day04.swift in Sources */,
			);
			runOnlyForDeploymentPostprocessing = 0;
		};
/* End PBXSourcesBuildPhase section */

/* Begin XCBuildConfiguration section */
		1F4589ED2B1A18F300C93873 /* Debug */ = {
			isa = XCBuildConfiguration;
			buildSettings = {
				ALWAYS_SEARCH_USER_PATHS = NO;
				ASSETCATALOG_COMPILER_GENERATE_SWIFT_ASSET_SYMBOL_EXTENSIONS = YES;
				CLANG_ANALYZER_NONNULL = YES;
				CLANG_ANALYZER_NUMBER_OBJECT_CONVERSION = YES_AGGRESSIVE;
				CLANG_CXX_LANGUAGE_STANDARD = "gnu++20";
				CLANG_ENABLE_MODULES = YES;
				CLANG_ENABLE_OBJC_ARC = YES;
				CLANG_ENABLE_OBJC_WEAK = YES;
				CLANG_WARN_BLOCK_CAPTURE_AUTORELEASING = YES;
				CLANG_WARN_BOOL_CONVERSION = YES;
				CLANG_WARN_COMMA = YES;
				CLANG_WARN_CONSTANT_CONVERSION = YES;
				CLANG_WARN_DEPRECATED_OBJC_IMPLEMENTATIONS = YES;
				CLANG_WARN_DIRECT_OBJC_ISA_USAGE = YES_ERROR;
				CLANG_WARN_DOCUMENTATION_COMMENTS = YES;
				CLANG_WARN_EMPTY_BODY = YES;
				CLANG_WARN_ENUM_CONVERSION = YES;
				CLANG_WARN_INFINITE_RECURSION = YES;
				CLANG_WARN_INT_CONVERSION = YES;
				CLANG_WARN_NON_LITERAL_NULL_CONVERSION = YES;
				CLANG_WARN_OBJC_IMPLICIT_RETAIN_SELF = YES;
				CLANG_WARN_OBJC_LITERAL_CONVERSION = YES;
				CLANG_WARN_OBJC_ROOT_CLASS = YES_ERROR;
				CLANG_WARN_QUOTED_INCLUDE_IN_FRAMEWORK_HEADER = YES;
				CLANG_WARN_RANGE_LOOP_ANALYSIS = YES;
				CLANG_WARN_STRICT_PROTOTYPES = YES;
				CLANG_WARN_SUSPICIOUS_MOVE = YES;
				CLANG_WARN_UNGUARDED_AVAILABILITY = YES_AGGRESSIVE;
				CLANG_WARN_UNREACHABLE_CODE = YES;
				CLANG_WARN__DUPLICATE_METHOD_MATCH = YES;
				COPY_PHASE_STRIP = NO;
				DEBUG_INFORMATION_FORMAT = dwarf;
				ENABLE_STRICT_OBJC_MSGSEND = YES;
				ENABLE_TESTABILITY = YES;
				ENABLE_USER_SCRIPT_SANDBOXING = YES;
				GCC_C_LANGUAGE_STANDARD = gnu17;
				GCC_DYNAMIC_NO_PIC = NO;
				GCC_NO_COMMON_BLOCKS = YES;
				GCC_OPTIMIZATION_LEVEL = 0;
				GCC_PREPROCESSOR_DEFINITIONS = (
					"DEBUG=1",
					"$(inherited)",
				);
				GCC_WARN_64_TO_32_BIT_CONVERSION = YES;
				GCC_WARN_ABOUT_RETURN_TYPE = YES_ERROR;
				GCC_WARN_UNDECLARED_SELECTOR = YES;
				GCC_WARN_UNINITIALIZED_AUTOS = YES_AGGRESSIVE;
				GCC_WARN_UNUSED_FUNCTION = YES;
				GCC_WARN_UNUSED_VARIABLE = YES;
				LOCALIZATION_PREFERS_STRING_CATALOGS = YES;
				MACOSX_DEPLOYMENT_TARGET = 14.0;
				MTL_ENABLE_DEBUG_INFO = INCLUDE_SOURCE;
				MTL_FAST_MATH = YES;
				ONLY_ACTIVE_ARCH = YES;
				SDKROOT = macosx;
				SWIFT_ACTIVE_COMPILATION_CONDITIONS = "DEBUG $(inherited)";
				SWIFT_OPTIMIZATION_LEVEL = "-Onone";
			};
			name = Debug;
		};
		1F4589EE2B1A18F300C93873 /* Release */ = {
			isa = XCBuildConfiguration;
			buildSettings = {
				ALWAYS_SEARCH_USER_PATHS = NO;
				ASSETCATALOG_COMPILER_GENERATE_SWIFT_ASSET_SYMBOL_EXTENSIONS = YES;
				CLANG_ANALYZER_NONNULL = YES;
				CLANG_ANALYZER_NUMBER_OBJECT_CONVERSION = YES_AGGRESSIVE;
				CLANG_CXX_LANGUAGE_STANDARD = "gnu++20";
				CLANG_ENABLE_MODULES = YES;
				CLANG_ENABLE_OBJC_ARC = YES;
				CLANG_ENABLE_OBJC_WEAK = YES;
				CLANG_WARN_BLOCK_CAPTURE_AUTORELEASING = YES;
				CLANG_WARN_BOOL_CONVERSION = YES;
				CLANG_WARN_COMMA = YES;
				CLANG_WARN_CONSTANT_CONVERSION = YES;
				CLANG_WARN_DEPRECATED_OBJC_IMPLEMENTATIONS = YES;
				CLANG_WARN_DIRECT_OBJC_ISA_USAGE = YES_ERROR;
				CLANG_WARN_DOCUMENTATION_COMMENTS = YES;
				CLANG_WARN_EMPTY_BODY = YES;
				CLANG_WARN_ENUM_CONVERSION = YES;
				CLANG_WARN_INFINITE_RECURSION = YES;
				CLANG_WARN_INT_CONVERSION = YES;
				CLANG_WARN_NON_LITERAL_NULL_CONVERSION = YES;
				CLANG_WARN_OBJC_IMPLICIT_RETAIN_SELF = YES;
				CLANG_WARN_OBJC_LITERAL_CONVERSION = YES;
				CLANG_WARN_OBJC_ROOT_CLASS = YES_ERROR;
				CLANG_WARN_QUOTED_INCLUDE_IN_FRAMEWORK_HEADER = YES;
				CLANG_WARN_RANGE_LOOP_ANALYSIS = YES;
				CLANG_WARN_STRICT_PROTOTYPES = YES;
				CLANG_WARN_SUSPICIOUS_MOVE = YES;
				CLANG_WARN_UNGUARDED_AVAILABILITY = YES_AGGRESSIVE;
				CLANG_WARN_UNREACHABLE_CODE = YES;
				CLANG_WARN__DUPLICATE_METHOD_MATCH = YES;
				COPY_PHASE_STRIP = NO;
				DEBUG_INFORMATION_FORMAT = "dwarf-with-dsym";
				ENABLE_NS_ASSERTIONS = NO;
				ENABLE_STRICT_OBJC_MSGSEND = YES;
				ENABLE_USER_SCRIPT_SANDBOXING = YES;
				GCC_C_LANGUAGE_STANDARD = gnu17;
				GCC_NO_COMMON_BLOCKS = YES;
				GCC_WARN_64_TO_32_BIT_CONVERSION = YES;
				GCC_WARN_ABOUT_RETURN_TYPE = YES_ERROR;
				GCC_WARN_UNDECLARED_SELECTOR = YES;
				GCC_WARN_UNINITIALIZED_AUTOS = YES_AGGRESSIVE;
				GCC_WARN_UNUSED_FUNCTION = YES;
				GCC_WARN_UNUSED_VARIABLE = YES;
				LOCALIZATION_PREFERS_STRING_CATALOGS = YES;
				MACOSX_DEPLOYMENT_TARGET = 14.0;
				MTL_ENABLE_DEBUG_INFO = NO;
				MTL_FAST_MATH = YES;
				SDKROOT = macosx;
				SWIFT_COMPILATION_MODE = wholemodule;
			};
			name = Release;
		};
		1F4589F02B1A18F300C93873 /* Debug */ = {
			isa = XCBuildConfiguration;
			buildSettings = {
				CODE_SIGN_STYLE = Automatic;
				DEVELOPMENT_TEAM = P3K32DW2KW;
				ENABLE_HARDENED_RUNTIME = YES;
				PRODUCT_NAME = "$(TARGET_NAME)";
				SWIFT_VERSION = 5.0;
			};
			name = Debug;
		};
		1F4589F12B1A18F300C93873 /* Release */ = {
			isa = XCBuildConfiguration;
			buildSettings = {
				CODE_SIGN_STYLE = Automatic;
				DEVELOPMENT_TEAM = P3K32DW2KW;
				ENABLE_HARDENED_RUNTIME = YES;
				PRODUCT_NAME = "$(TARGET_NAME)";
				SWIFT_VERSION = 5.0;
			};
			name = Release;
		};
/* End XCBuildConfiguration section */

/* Begin XCConfigurationList section */
		1F4589E32B1A18F300C93873 /* Build configuration list for PBXProject "AoC2023" */ = {
			isa = XCConfigurationList;
			buildConfigurations = (
				1F4589ED2B1A18F300C93873 /* Debug */,
				1F4589EE2B1A18F300C93873 /* Release */,
			);
			defaultConfigurationIsVisible = 0;
			defaultConfigurationName = Release;
		};
		1F4589EF2B1A18F300C93873 /* Build configuration list for PBXNativeTarget "AoC2023" */ = {
			isa = XCConfigurationList;
			buildConfigurations = (
				1F4589F02B1A18F300C93873 /* Debug */,
				1F4589F12B1A18F300C93873 /* Release */,
			);
			defaultConfigurationIsVisible = 0;
			defaultConfigurationName = Release;
		};
/* End XCConfigurationList section */
	};
	rootObject = 1F4589E02B1A18F300C93873 /* Project object */;
}
